
Microsoft Visual Studio Solution File, Format Version 12.00
# Visual Studio Version 16
VisualStudioVersion = 16.0.31005.135
MinimumVisualStudioVersion = 10.0.40219.1
Project("{FAE04EC0-301F-11D3-BF4B-00C04F79EFBC}") = "jobs", "jobs.csproj", "{7486E1F7-42F1-4EE3-985E-31581457801C}"
EndProject
Global
	GlobalSection(SolutionConfigurationPlatforms) = preSolution
		Debug|Any CPU = Debug|Any CPU
		Release|Any CPU = Release|Any CPU
	EndGlobalSection
	GlobalSection(ProjectConfigurationPlatforms) = postSolution
		{7486E1F7-42F1-4EE3-985E-31581457801C}.Debug|Any CPU.ActiveCfg = Debug|Any CPU
		{7486E1F7-42F1-4EE3-985E-31581457801C}.Debug|Any CPU.Build.0 = Debug|Any CPU
		{7486E1F7-42F1-4EE3-985E-31581457801C}.Release|Any CPU.ActiveCfg = Release|Any CPU
		{7486E1F7-42F1-4EE3-985E-31581457801C}.Release|Any CPU.Build.0 = Release|Any CPU
	EndGlobalSection
	GlobalSection(SolutionProperties) = preSolution
		HideSolutionNode = FALSE
	EndGlobalSection
	GlobalSection(ExtensibilityGlobals) = postSolution
		SolutionGuid = {8CEA8761-E7C1-4D49-AFA6-DD8ECD9BE27E}
	EndGlobalSection
EndGlobal
